
Microsoft Visual Studio Solution File, Format Version 12.00
# Visual Studio Version 17
VisualStudioVersion = 17.13.35825.156 d17.13
MinimumVisualStudioVersion = 10.0.40219.1
Project("{FAE04EC0-301F-11D3-BF4B-00C04F79EFBC}") = "2_TypeCasting", "2_TypeCasting\2_TypeCasting.csproj", "{86E2DAD9-D2BD-4CAE-BA82-9B630A20F904}"
EndProject
Global
	GlobalSection(SolutionConfigurationPlatforms) = preSolution
		Debug|Any CPU = Debug|Any CPU
		Release|Any CPU = Release|Any CPU
	EndGlobalSection
	GlobalSection(ProjectConfigurationPlatforms) = postSolution
		{86E2DAD9-D2BD-4CAE-BA82-9B630A20F904}.Debug|Any CPU.ActiveCfg = Debug|Any CPU
		{86E2DAD9-D2BD-4CAE-BA82-9B630A20F904}.Debug|Any CPU.Build.0 = Debug|Any CPU
		{86E2DAD9-D2BD-4CAE-BA82-9B630A20F904}.Release|Any CPU.ActiveCfg = Release|Any CPU
		{86E2DAD9-D2BD-4CAE-BA82-9B630A20F904}.Release|Any CPU.Build.0 = Release|Any CPU
	EndGlobalSection
	GlobalSection(SolutionProperties) = preSolution
		HideSolutionNode = FALSE
	EndGlobalSection
	GlobalSection(ExtensibilityGlobals) = postSolution
		SolutionGuid = {DE7EDA62-9184-4A18-8E69-EE361A4EA574}
	EndGlobalSection
EndGlobal
